// !$*UTF8*$!
{
	archiveVersion = 1;
	classes = {
	};
	objectVersion = 46;
	objects = {

/* Begin PBXBuildFile section */
		AC36E2F71C88042F0059F1B4 /* main.m in Sources */ = {isa = PBXBuildFile; fileRef = AC36E2F61C88042F0059F1B4 /* main.m */; };
		AC36E2FA1C88042F0059F1B4 /* AppDelegate.m in Sources */ = {isa = PBXBuildFile; fileRef = AC36E2F91C88042F0059F1B4 /* AppDelegate.m */; };
		AC36E2FD1C88042F0059F1B4 /* StopWatchViewController.m in Sources */ = {isa = PBXBuildFile; fileRef = AC36E2FC1C88042F0059F1B4 /* StopWatchViewController.m */; };
		AC36E3031C8804300059F1B4 /* Main.storyboard in Resources */ = {isa = PBXBuildFile; fileRef = AC36E3011C8804300059F1B4 /* Main.storyboard */; };
		AC36E3051C8804300059F1B4 /* Assets.xcassets in Resources */ = {isa = PBXBuildFile; fileRef = AC36E3041C8804300059F1B4 /* Assets.xcassets */; };
		AC36E3081C8804300059F1B4 /* LaunchScreen.storyboard in Resources */ = {isa = PBXBuildFile; fileRef = AC36E3061C8804300059F1B4 /* LaunchScreen.storyboard */; };
		AC36E3131C8804300059F1B4 /* HelloTimerTests.m in Sources */ = {isa = PBXBuildFile; fileRef = AC36E3121C8804300059F1B4 /* HelloTimerTests.m */; };
		AC36E31E1C8804300059F1B4 /* HelloTimerUITests.m in Sources */ = {isa = PBXBuildFile; fileRef = AC36E31D1C8804300059F1B4 /* HelloTimerUITests.m */; };
		AC36E32C1C8BB9BB0059F1B4 /* AlarmViewController.m in Sources */ = {isa = PBXBuildFile; fileRef = AC36E32B1C8BB9BB0059F1B4 /* AlarmViewController.m */; };
		AC36E32F1C8BCF850059F1B4 /* TimerSelectionController.m in Sources */ = {isa = PBXBuildFile; fileRef = AC36E32E1C8BCF850059F1B4 /* TimerSelectionController.m */; };
/* End PBXBuildFile section */

/* Begin PBXContainerItemProxy section */
		AC36E30F1C8804300059F1B4 /* PBXContainerItemProxy */ = {
			isa = PBXContainerItemProxy;
			containerPortal = AC36E2EA1C88042F0059F1B4 /* Project object */;
			proxyType = 1;
			remoteGlobalIDString = AC36E2F11C88042F0059F1B4;
			remoteInfo = HelloTimer;
		};
		AC36E31A1C8804300059F1B4 /* PBXContainerItemProxy */ = {
			isa = PBXContainerItemProxy;
			containerPortal = AC36E2EA1C88042F0059F1B4 /* Project object */;
			proxyType = 1;
			remoteGlobalIDString = AC36E2F11C88042F0059F1B4;
			remoteInfo = HelloTimer;
		};
/* End PBXContainerItemProxy section */

/* Begin PBXFileReference section */
		AC36E2F21C88042F0059F1B4 /* HelloTimer.app */ = {isa = PBXFileReference; explicitFileType = wrapper.application; includeInIndex = 0; path = HelloTimer.app; sourceTree = BUILT_PRODUCTS_DIR; };
		AC36E2F61C88042F0059F1B4 /* main.m */ = {isa = PBXFileReference; lastKnownFileType = sourcecode.c.objc; path = main.m; sourceTree = "<group>"; };
		AC36E2F81C88042F0059F1B4 /* AppDelegate.h */ = {isa = PBXFileReference; lastKnownFileType = sourcecode.c.h; path = AppDelegate.h; sourceTree = "<group>"; };
		AC36E2F91C88042F0059F1B4 /* AppDelegate.m */ = {isa = PBXFileReference; lastKnownFileType = sourcecode.c.objc; path = AppDelegate.m; sourceTree = "<group>"; };
		AC36E2FB1C88042F0059F1B4 /* StopWatchViewController.h */ = {isa = PBXFileReference; lastKnownFileType = sourcecode.c.h; path = StopWatchViewController.h; sourceTree = "<group>"; };
		AC36E2FC1C88042F0059F1B4 /* StopWatchViewController.m */ = {isa = PBXFileReference; lastKnownFileType = sourcecode.c.objc; path = StopWatchViewController.m; sourceTree = "<group>"; };
		AC36E2FE1C88042F0059F1B4 /* AlarmViewController.h */ = {isa = PBXFileReference; lastKnownFileType = sourcecode.c.h; path = AlarmViewController.h; sourceTree = "<group>"; };
		AC36E3021C8804300059F1B4 /* Base */ = {isa = PBXFileReference; lastKnownFileType = file.storyboard; name = Base; path = Base.lproj/Main.storyboard; sourceTree = "<group>"; };
		AC36E3041C8804300059F1B4 /* Assets.xcassets */ = {isa = PBXFileReference; lastKnownFileType = folder.assetcatalog; path = Assets.xcassets; sourceTree = "<group>"; };
		AC36E3071C8804300059F1B4 /* Base */ = {isa = PBXFileReference; lastKnownFileType = file.storyboard; name = Base; path = Base.lproj/LaunchScreen.storyboard; sourceTree = "<group>"; };
		AC36E3091C8804300059F1B4 /* Info.plist */ = {isa = PBXFileReference; lastKnownFileType = text.plist.xml; path = Info.plist; sourceTree = "<group>"; };
		AC36E30E1C8804300059F1B4 /* HelloTimerTests.xctest */ = {isa = PBXFileReference; explicitFileType = wrapper.cfbundle; includeInIndex = 0; path = HelloTimerTests.xctest; sourceTree = BUILT_PRODUCTS_DIR; };
		AC36E3121C8804300059F1B4 /* HelloTimerTests.m */ = {isa = PBXFileReference; lastKnownFileType = sourcecode.c.objc; path = HelloTimerTests.m; sourceTree = "<group>"; };
		AC36E3141C8804300059F1B4 /* Info.plist */ = {isa = PBXFileReference; lastKnownFileType = text.plist.xml; path = Info.plist; sourceTree = "<group>"; };
		AC36E3191C8804300059F1B4 /* HelloTimerUITests.xctest */ = {isa = PBXFileReference; explicitFileType = wrapper.cfbundle; includeInIndex = 0; path = HelloTimerUITests.xctest; sourceTree = BUILT_PRODUCTS_DIR; };
		AC36E31D1C8804300059F1B4 /* HelloTimerUITests.m */ = {isa = PBXFileReference; lastKnownFileType = sourcecode.c.objc; path = HelloTimerUITests.m; sourceTree = "<group>"; };
		AC36E31F1C8804300059F1B4 /* Info.plist */ = {isa = PBXFileReference; lastKnownFileType = text.plist.xml; path = Info.plist; sourceTree = "<group>"; };
		AC36E32B1C8BB9BB0059F1B4 /* AlarmViewController.m */ = {isa = PBXFileReference; fileEncoding = 4; lastKnownFileType = sourcecode.c.objc; path = AlarmViewController.m; sourceTree = "<group>"; };
		AC36E32D1C8BCF850059F1B4 /* TimerSelectionController.h */ = {isa = PBXFileReference; fileEncoding = 4; lastKnownFileType = sourcecode.c.h; path = TimerSelectionController.h; sourceTree = "<group>"; };
		AC36E32E1C8BCF850059F1B4 /* TimerSelectionController.m */ = {isa = PBXFileReference; fileEncoding = 4; lastKnownFileType = sourcecode.c.objc; path = TimerSelectionController.m; sourceTree = "<group>"; };
/* End PBXFileReference section */

/* Begin PBXFrameworksBuildPhase section */
		AC36E2EF1C88042F0059F1B4 /* Frameworks */ = {
			isa = PBXFrameworksBuildPhase;
			buildActionMask = 2147483647;
			files = (
			);
			runOnlyForDeploymentPostprocessing = 0;
		};
		AC36E30B1C8804300059F1B4 /* Frameworks */ = {
			isa = PBXFrameworksBuildPhase;
			buildActionMask = 2147483647;
			files = (
			);
			runOnlyForDeploymentPostprocessing = 0;
		};
		AC36E3161C8804300059F1B4 /* Frameworks */ = {
			isa = PBXFrameworksBuildPhase;
			buildActionMask = 2147483647;
			files = (
			);
			runOnlyForDeploymentPostprocessing = 0;
		};
/* End PBXFrameworksBuildPhase section */

/* Begin PBXGroup section */
		AC36E2E91C88042F0059F1B4 = {
			isa = PBXGroup;
			children = (
				AC36E2F41C88042F0059F1B4 /* HelloTimer */,
				AC36E3111C8804300059F1B4 /* HelloTimerTests */,
				AC36E31C1C8804300059F1B4 /* HelloTimerUITests */,
				AC36E2F31C88042F0059F1B4 /* Products */,
			);
			sourceTree = "<group>";
		};
		AC36E2F31C88042F0059F1B4 /* Products */ = {
			isa = PBXGroup;
			children = (
				AC36E2F21C88042F0059F1B4 /* HelloTimer.app */,
				AC36E30E1C8804300059F1B4 /* HelloTimerTests.xctest */,
				AC36E3191C8804300059F1B4 /* HelloTimerUITests.xctest */,
			);
			name = Products;
			sourceTree = "<group>";
		};
		AC36E2F41C88042F0059F1B4 /* HelloTimer */ = {
			isa = PBXGroup;
			children = (
				AC36E2F81C88042F0059F1B4 /* AppDelegate.h */,
				AC36E2F91C88042F0059F1B4 /* AppDelegate.m */,
				AC36E2FB1C88042F0059F1B4 /* StopWatchViewController.h */,
				AC36E2FC1C88042F0059F1B4 /* StopWatchViewController.m */,
				AC36E2FE1C88042F0059F1B4 /* AlarmViewController.h */,
				AC36E32B1C8BB9BB0059F1B4 /* AlarmViewController.m */,
				AC36E3011C8804300059F1B4 /* Main.storyboard */,
				AC36E32D1C8BCF850059F1B4 /* TimerSelectionController.h */,
				AC36E32E1C8BCF850059F1B4 /* TimerSelectionController.m */,
				AC36E3041C8804300059F1B4 /* Assets.xcassets */,
				AC36E3061C8804300059F1B4 /* LaunchScreen.storyboard */,
				AC36E3091C8804300059F1B4 /* Info.plist */,
				AC36E2F51C88042F0059F1B4 /* Supporting Files */,
			);
			path = HelloTimer;
			sourceTree = "<group>";
		};
		AC36E2F51C88042F0059F1B4 /* Supporting Files */ = {
			isa = PBXGroup;
			children = (
				AC36E2F61C88042F0059F1B4 /* main.m */,
			);
			name = "Supporting Files";
			sourceTree = "<group>";
		};
		AC36E3111C8804300059F1B4 /* HelloTimerTests */ = {
			isa = PBXGroup;
			children = (
				AC36E3121C8804300059F1B4 /* HelloTimerTests.m */,
				AC36E3141C8804300059F1B4 /* Info.plist */,
			);
			path = HelloTimerTests;
			sourceTree = "<group>";
		};
		AC36E31C1C8804300059F1B4 /* HelloTimerUITests */ = {
			isa = PBXGroup;
			children = (
				AC36E31D1C8804300059F1B4 /* HelloTimerUITests.m */,
				AC36E31F1C8804300059F1B4 /* Info.plist */,
			);
			path = HelloTimerUITests;
			sourceTree = "<group>";
		};
/* End PBXGroup section */

/* Begin PBXNativeTarget section */
		AC36E2F11C88042F0059F1B4 /* HelloTimer */ = {
			isa = PBXNativeTarget;
			buildConfigurationList = AC36E3221C8804300059F1B4 /* Build configuration list for PBXNativeTarget "HelloTimer" */;
			buildPhases = (
				AC36E2EE1C88042F0059F1B4 /* Sources */,
				AC36E2EF1C88042F0059F1B4 /* Frameworks */,
				AC36E2F01C88042F0059F1B4 /* Resources */,
			);
			buildRules = (
			);
			dependencies = (
			);
			name = HelloTimer;
			productName = HelloTimer;
			productReference = AC36E2F21C88042F0059F1B4 /* HelloTimer.app */;
			productType = "com.apple.product-type.application";
		};
		AC36E30D1C8804300059F1B4 /* HelloTimerTests */ = {
			isa = PBXNativeTarget;
			buildConfigurationList = AC36E3251C8804300059F1B4 /* Build configuration list for PBXNativeTarget "HelloTimerTests" */;
			buildPhases = (
				AC36E30A1C8804300059F1B4 /* Sources */,
				AC36E30B1C8804300059F1B4 /* Frameworks */,
				AC36E30C1C8804300059F1B4 /* Resources */,
			);
			buildRules = (
			);
			dependencies = (
				AC36E3101C8804300059F1B4 /* PBXTargetDependency */,
			);
			name = HelloTimerTests;
			productName = HelloTimerTests;
			productReference = AC36E30E1C8804300059F1B4 /* HelloTimerTests.xctest */;
			productType = "com.apple.product-type.bundle.unit-test";
		};
		AC36E3181C8804300059F1B4 /* HelloTimerUITests */ = {
			isa = PBXNativeTarget;
			buildConfigurationList = AC36E3281C8804300059F1B4 /* Build configuration list for PBXNativeTarget "HelloTimerUITests" */;
			buildPhases = (
				AC36E3151C8804300059F1B4 /* Sources */,
				AC36E3161C8804300059F1B4 /* Frameworks */,
				AC36E3171C8804300059F1B4 /* Resources */,
			);
			buildRules = (
			);
			dependencies = (
				AC36E31B1C8804300059F1B4 /* PBXTargetDependency */,
			);
			name = HelloTimerUITests;
			productName = HelloTimerUITests;
			productReference = AC36E3191C8804300059F1B4 /* HelloTimerUITests.xctest */;
			productType = "com.apple.product-type.bundle.ui-testing";
		};
/* End PBXNativeTarget section */

/* Begin PBXProject section */
		AC36E2EA1C88042F0059F1B4 /* Project object */ = {
			isa = PBXProject;
			attributes = {
				LastUpgradeCheck = 0720;
				ORGANIZATIONNAME = "Seth White";
				TargetAttributes = {
					AC36E2F11C88042F0059F1B4 = {
						CreatedOnToolsVersion = 7.2;
					};
					AC36E30D1C8804300059F1B4 = {
						CreatedOnToolsVersion = 7.2;
						TestTargetID = AC36E2F11C88042F0059F1B4;
					};
					AC36E3181C8804300059F1B4 = {
						CreatedOnToolsVersion = 7.2;
						TestTargetID = AC36E2F11C88042F0059F1B4;
					};
				};
			};
			buildConfigurationList = AC36E2ED1C88042F0059F1B4 /* Build configuration list for PBXProject "HelloTimer" */;
			compatibilityVersion = "Xcode 3.2";
			developmentRegion = English;
			hasScannedForEncodings = 0;
			knownRegions = (
				en,
				Base,
			);
			mainGroup = AC36E2E91C88042F0059F1B4;
			productRefGroup = AC36E2F31C88042F0059F1B4 /* Products */;
			projectDirPath = "";
			projectRoot = "";
			targets = (
				AC36E2F11C88042F0059F1B4 /* HelloTimer */,
				AC36E30D1C8804300059F1B4 /* HelloTimerTests */,
				AC36E3181C8804300059F1B4 /* HelloTimerUITests */,
			);
		};
/* End PBXProject section */

/* Begin PBXResourcesBuildPhase section */
		AC36E2F01C88042F0059F1B4 /* Resources */ = {
			isa = PBXResourcesBuildPhase;
			buildActionMask = 2147483647;
			files = (
				AC36E3081C8804300059F1B4 /* LaunchScreen.storyboard in Resources */,
				AC36E3051C8804300059F1B4 /* Assets.xcassets in Resources */,
				AC36E3031C8804300059F1B4 /* Main.storyboard in Resources */,
			);
			runOnlyForDeploymentPostprocessing = 0;
		};
		AC36E30C1C8804300059F1B4 /* Resources */ = {
			isa = PBXResourcesBuildPhase;
			buildActionMask = 2147483647;
			files = (
			);
			runOnlyForDeploymentPostprocessing = 0;
		};
		AC36E3171C8804300059F1B4 /* Resources */ = {
			isa = PBXResourcesBuildPhase;
			buildActionMask = 2147483647;
			files = (
			);
			runOnlyForDeploymentPostprocessing = 0;
		};
/* End PBXResourcesBuildPhase section */

/* Begin PBXSourcesBuildPhase section */
		AC36E2EE1C88042F0059F1B4 /* Sources */ = {
			isa = PBXSourcesBuildPhase;
			buildActionMask = 2147483647;
			files = (
				AC36E32C1C8BB9BB0059F1B4 /* AlarmViewController.m in Sources */,
				AC36E2FA1C88042F0059F1B4 /* AppDelegate.m in Sources */,
				AC36E2FD1C88042F0059F1B4 /* StopWatchViewController.m in Sources */,
				AC36E2F71C88042F0059F1B4 /* main.m in Sources */,
				AC36E32F1C8BCF850059F1B4 /* TimerSelectionController.m in Sources */,
			);
			runOnlyForDeploymentPostprocessing = 0;
		};
		AC36E30A1C8804300059F1B4 /* Sources */ = {
			isa = PBXSourcesBuildPhase;
			buildActionMask = 2147483647;
			files = (
				AC36E3131C8804300059F1B4 /* HelloTimerTests.m in Sources */,
			);
			runOnlyForDeploymentPostprocessing = 0;
		};
		AC36E3151C8804300059F1B4 /* Sources */ = {
			isa = PBXSourcesBuildPhase;
			buildActionMask = 2147483647;
			files = (
				AC36E31E1C8804300059F1B4 /* HelloTimerUITests.m in Sources */,
			);
			runOnlyForDeploymentPostprocessing = 0;
		};
/* End PBXSourcesBuildPhase section */

/* Begin PBXTargetDependency section */
		AC36E3101C8804300059F1B4 /* PBXTargetDependency */ = {
			isa = PBXTargetDependency;
			target = AC36E2F11C88042F0059F1B4 /* HelloTimer */;
			targetProxy = AC36E30F1C8804300059F1B4 /* PBXContainerItemProxy */;
		};
		AC36E31B1C8804300059F1B4 /* PBXTargetDependency */ = {
			isa = PBXTargetDependency;
			target = AC36E2F11C88042F0059F1B4 /* HelloTimer */;
			targetProxy = AC36E31A1C8804300059F1B4 /* PBXContainerItemProxy */;
		};
/* End PBXTargetDependency section */

/* Begin PBXVariantGroup section */
		AC36E3011C8804300059F1B4 /* Main.storyboard */ = {
			isa = PBXVariantGroup;
			children = (
				AC36E3021C8804300059F1B4 /* Base */,
			);
			name = Main.storyboard;
			sourceTree = "<group>";
		};
		AC36E3061C8804300059F1B4 /* LaunchScreen.storyboard */ = {
			isa = PBXVariantGroup;
			children = (
				AC36E3071C8804300059F1B4 /* Base */,
			);
			name = LaunchScreen.storyboard;
			sourceTree = "<group>";
		};
/* End PBXVariantGroup section */

/* Begin XCBuildConfiguration section */
		AC36E3201C8804300059F1B4 /* Debug */ = {
			isa = XCBuildConfiguration;
			buildSettings = {
				ALWAYS_SEARCH_USER_PATHS = NO;
				CLANG_CXX_LANGUAGE_STANDARD = "gnu++0x";
				CLANG_CXX_LIBRARY = "libc++";
				CLANG_ENABLE_MODULES = YES;
				CLANG_ENABLE_OBJC_ARC = YES;
				CLANG_WARN_BOOL_CONVERSION = YES;
				CLANG_WARN_CONSTANT_CONVERSION = YES;
				CLANG_WARN_DIRECT_OBJC_ISA_USAGE = YES_ERROR;
				CLANG_WARN_EMPTY_BODY = YES;
				CLANG_WARN_ENUM_CONVERSION = YES;
				CLANG_WARN_INT_CONVERSION = YES;
				CLANG_WARN_OBJC_ROOT_CLASS = YES_ERROR;
				CLANG_WARN_UNREACHABLE_CODE = YES;
				CLANG_WARN__DUPLICATE_METHOD_MATCH = YES;
				"CODE_SIGN_IDENTITY[sdk=iphoneos*]" = "iPhone Developer";
				COPY_PHASE_STRIP = NO;
				DEBUG_INFORMATION_FORMAT = dwarf;
				ENABLE_STRICT_OBJC_MSGSEND = YES;
				ENABLE_TESTABILITY = YES;
				GCC_C_LANGUAGE_STANDARD = gnu99;
				GCC_DYNAMIC_NO_PIC = NO;
				GCC_NO_COMMON_BLOCKS = YES;
				GCC_OPTIMIZATION_LEVEL = 0;
				GCC_PREPROCESSOR_DEFINITIONS = (
					"DEBUG=1",
					"$(inherited)",
				);
				GCC_WARN_64_TO_32_BIT_CONVERSION = YES;
				GCC_WARN_ABOUT_RETURN_TYPE = YES_ERROR;
				GCC_WARN_UNDECLARED_SELECTOR = YES;
				GCC_WARN_UNINITIALIZED_AUTOS = YES_AGGRESSIVE;
				GCC_WARN_UNUSED_FUNCTION = YES;
				GCC_WARN_UNUSED_VARIABLE = YES;
				IPHONEOS_DEPLOYMENT_TARGET = 9.2;
				MTL_ENABLE_DEBUG_INFO = YES;
				ONLY_ACTIVE_ARCH = YES;
				SDKROOT = iphoneos;
				TARGETED_DEVICE_FAMILY = "1,2";
			};
			name = Debug;
		};
		AC36E3211C8804300059F1B4 /* Release */ = {
			isa = XCBuildConfiguration;
			buildSettings = {
				ALWAYS_SEARCH_USER_PATHS = NO;
				CLANG_CXX_LANGUAGE_STANDARD = "gnu++0x";
				CLANG_CXX_LIBRARY = "libc++";
				CLANG_ENABLE_MODULES = YES;
				CLANG_ENABLE_OBJC_ARC = YES;
				CLANG_WARN_BOOL_CONVERSION = YES;
				CLANG_WARN_CONSTANT_CONVERSION = YES;
				CLANG_WARN_DIRECT_OBJC_ISA_USAGE = YES_ERROR;
				CLANG_WARN_EMPTY_BODY = YES;
				CLANG_WARN_ENUM_CONVERSION = YES;
				CLANG_WARN_INT_CONVERSION = YES;
				CLANG_WARN_OBJC_ROOT_CLASS = YES_ERROR;
				CLANG_WARN_UNREACHABLE_CODE = YES;
				CLANG_WARN__DUPLICATE_METHOD_MATCH = YES;
				"CODE_SIGN_IDENTITY[sdk=iphoneos*]" = "iPhone Developer";
				COPY_PHASE_STRIP = NO;
				DEBUG_INFORMATION_FORMAT = "dwarf-with-dsym";
				ENABLE_NS_ASSERTIONS = NO;
				ENABLE_STRICT_OBJC_MSGSEND = YES;
				GCC_C_LANGUAGE_STANDARD = gnu99;
				GCC_NO_COMMON_BLOCKS = YES;
				GCC_WARN_64_TO_32_BIT_CONVERSION = YES;
				GCC_WARN_ABOUT_RETURN_TYPE = YES_ERROR;
				GCC_WARN_UNDECLARED_SELECTOR = YES;
				GCC_WARN_UNINITIALIZED_AUTOS = YES_AGGRESSIVE;
				GCC_WARN_UNUSED_FUNCTION = YES;
				GCC_WARN_UNUSED_VARIABLE = YES;
				IPHONEOS_DEPLOYMENT_TARGET = 9.2;
				MTL_ENABLE_DEBUG_INFO = NO;
				SDKROOT = iphoneos;
				TARGETED_DEVICE_FAMILY = "1,2";
				VALIDATE_PRODUCT = YES;
			};
			name = Release;
		};
		AC36E3231C8804300059F1B4 /* Debug */ = {
			isa = XCBuildConfiguration;
			buildSettings = {
				ASSETCATALOG_COMPILER_APPICON_NAME = AppIcon;
				INFOPLIST_FILE = HelloTimer/Info.plist;
				LD_RUNPATH_SEARCH_PATHS = "$(inherited) @executable_path/Frameworks";
				PRODUCT_BUNDLE_IDENTIFIER = test.HelloTimer;
				PRODUCT_NAME = "$(TARGET_NAME)";
			};
			name = Debug;
		};
		AC36E3241C8804300059F1B4 /* Release */ = {
			isa = XCBuildConfiguration;
			buildSettings = {
				ASSETCATALOG_COMPILER_APPICON_NAME = AppIcon;
				INFOPLIST_FILE = HelloTimer/Info.plist;
				LD_RUNPATH_SEARCH_PATHS = "$(inherited) @executable_path/Frameworks";
				PRODUCT_BUNDLE_IDENTIFIER = test.HelloTimer;
				PRODUCT_NAME = "$(TARGET_NAME)";
			};
			name = Release;
		};
		AC36E3261C8804300059F1B4 /* Debug */ = {
			isa = XCBuildConfiguration;
			buildSettings = {
				BUNDLE_LOADER = "$(TEST_HOST)";
				INFOPLIST_FILE = HelloTimerTests/Info.plist;
				LD_RUNPATH_SEARCH_PATHS = "$(inherited) @executable_path/Frameworks @loader_path/Frameworks";
				PRODUCT_BUNDLE_IDENTIFIER = test.HelloTimerTests;
				PRODUCT_NAME = "$(TARGET_NAME)";
				TEST_HOST = "$(BUILT_PRODUCTS_DIR)/HelloTimer.app/HelloTimer";
			};
			name = Debug;
		};
		AC36E3271C8804300059F1B4 /* Release */ = {
			isa = XCBuildConfiguration;
			buildSettings = {
				BUNDLE_LOADER = "$(TEST_HOST)";
				INFOPLIST_FILE = HelloTimerTests/Info.plist;
				LD_RUNPATH_SEARCH_PATHS = "$(inherited) @executable_path/Frameworks @loader_path/Frameworks";
				PRODUCT_BUNDLE_IDENTIFIER = test.HelloTimerTests;
				PRODUCT_NAME = "$(TARGET_NAME)";
				TEST_HOST = "$(BUILT_PRODUCTS_DIR)/HelloTimer.app/HelloTimer";
			};
			name = Release;
		};
		AC36E3291C8804300059F1B4 /* Debug */ = {
			isa = XCBuildConfiguration;
			buildSettings = {
				INFOPLIST_FILE = HelloTimerUITests/Info.plist;
				LD_RUNPATH_SEARCH_PATHS = "$(inherited) @executable_path/Frameworks @loader_path/Frameworks";
				PRODUCT_BUNDLE_IDENTIFIER = test.HelloTimerUITests;
				PRODUCT_NAME = "$(TARGET_NAME)";
				TEST_TARGET_NAME = HelloTimer;
				USES_XCTRUNNER = YES;
			};
			name = Debug;
		};
		AC36E32A1C8804300059F1B4 /* Release */ = {
			isa = XCBuildConfiguration;
			buildSettings = {
				INFOPLIST_FILE = HelloTimerUITests/Info.plist;
				LD_RUNPATH_SEARCH_PATHS = "$(inherited) @executable_path/Frameworks @loader_path/Frameworks";
				PRODUCT_BUNDLE_IDENTIFIER = test.HelloTimerUITests;
				PRODUCT_NAME = "$(TARGET_NAME)";
				TEST_TARGET_NAME = HelloTimer;
				USES_XCTRUNNER = YES;
			};
			name = Release;
		};
/* End XCBuildConfiguration section */

/* Begin XCConfigurationList section */
		AC36E2ED1C88042F0059F1B4 /* Build configuration list for PBXProject "HelloTimer" */ = {
			isa = XCConfigurationList;
			buildConfigurations = (
				AC36E3201C8804300059F1B4 /* Debug */,
				AC36E3211C8804300059F1B4 /* Release */,
			);
			defaultConfigurationIsVisible = 0;
			defaultConfigurationName = Release;
		};
		AC36E3221C8804300059F1B4 /* Build configuration list for PBXNativeTarget "HelloTimer" */ = {
			isa = XCConfigurationList;
			buildConfigurations = (
				AC36E3231C8804300059F1B4 /* Debug */,
				AC36E3241C8804300059F1B4 /* Release */,
			);
			defaultConfigurationIsVisible = 0;
			defaultConfigurationName = Release;
		};
		AC36E3251C8804300059F1B4 /* Build configuration list for PBXNativeTarget "HelloTimerTests" */ = {
			isa = XCConfigurationList;
			buildConfigurations = (
				AC36E3261C8804300059F1B4 /* Debug */,
				AC36E3271C8804300059F1B4 /* Release */,
			);
			defaultConfigurationIsVisible = 0;
			defaultConfigurationName = Release;
		};
		AC36E3281C8804300059F1B4 /* Build configuration list for PBXNativeTarget "HelloTimerUITests" */ = {
			isa = XCConfigurationList;
			buildConfigurations = (
				AC36E3291C8804300059F1B4 /* Debug */,
				AC36E32A1C8804300059F1B4 /* Release */,
			);
			defaultConfigurationIsVisible = 0;
			defaultConfigurationName = Release;
		};
/* End XCConfigurationList section */
	};
	rootObject = AC36E2EA1C88042F0059F1B4 /* Project object */;
}
